
Microsoft Visual Studio Solution File, Format Version 12.00
# Visual Studio 15
VisualStudioVersion = 15.0.28307.1062
MinimumVisualStudioVersion = 10.0.40219.1
Project("{8BC9CEB8-8B4A-11D0-8D11-00A0C91BC942}") = "DinoGame", "DinoGame\DinoGame.vcxproj", "{0848D349-3034-4ADA-9DA2-84A3524A27AC}"
EndProject
Global
	GlobalSection(SolutionConfigurationPlatforms) = preSolution
		Debug|x64 = Debug|x64
		Debug|x86 = Debug|x86
		Release|x64 = Release|x64
		Release|x86 = Release|x86
	EndGlobalSection
	GlobalSection(ProjectConfigurationPlatforms) = postSolution
		{0848D349-3034-4ADA-9DA2-84A3524A27AC}.Debug|x64.ActiveCfg = Debug|x64
		{0848D349-3034-4ADA-9DA2-84A3524A27AC}.Debug|x64.Build.0 = Debug|x64
		{0848D349-3034-4ADA-9DA2-84A3524A27AC}.Debug|x86.ActiveCfg = Debug|Win32
		{0848D349-3034-4ADA-9DA2-84A3524A27AC}.Debug|x86.Build.0 = Debug|Win32
		{0848D349-3034-4ADA-9DA2-84A3524A27AC}.Release|x64.ActiveCfg = Release|x64
		{0848D349-3034-4ADA-9DA2-84A3524A27AC}.Release|x64.Build.0 = Release|x64
		{0848D349-3034-4ADA-9DA2-84A3524A27AC}.Release|x86.ActiveCfg = Release|Win32
		{0848D349-3034-4ADA-9DA2-84A3524A27AC}.Release|x86.Build.0 = Release|Win32
	EndGlobalSection
	GlobalSection(SolutionProperties) = preSolution
		HideSolutionNode = FALSE
	EndGlobalSection
	GlobalSection(ExtensibilityGlobals) = postSolution
		SolutionGuid = {14807490-F5E9-4925-B37E-C380C2D21B86}
	EndGlobalSection
EndGlobal
